
Microsoft Visual Studio Solution File, Format Version 12.00
# Visual Studio Version 16
VisualStudioVersion = 16.0.34031.81
MinimumVisualStudioVersion = 10.0.40219.1
Project("{2150E333-8FDC-42A3-9474-1A3956D46DE8}") = "Task0", "Task0", "{BD68D16E-70C6-4475-9516-4FFBCBEA86FA}"
EndProject
Project("{FAE04EC0-301F-11D3-BF4B-00C04F79EFBC}") = "Tyuiu.NovikovNS.Sprint2.Task0.V20", "Tyuiu.NovikovNS.Sprint2.Task0.V20\Tyuiu.NovikovNS.Sprint2.Task0.V20.csproj", "{DF28D86A-2C27-493F-897F-9A3957FD7CE9}"
EndProject
Project("{FAE04EC0-301F-11D3-BF4B-00C04F79EFBC}") = "Tyuiu.NovikovNS.Sprint2.Task0.V20.Lib", "Tyuiu.NovikovNS.Sprint2.Task0.V20.Lib\Tyuiu.NovikovNS.Sprint2.Task0.V20.Lib.csproj", "{CE67CA79-0BF7-4FE0-ADE7-0D476C591BC1}"
EndProject
Project("{FAE04EC0-301F-11D3-BF4B-00C04F79EFBC}") = "Tyuiu.NovikovNS.Sprint2.Task0.V20.Test", "Tyuiu.NovikovNS.Sprint2.Task0.V20.Test\Tyuiu.NovikovNS.Sprint2.Task0.V20.Test.csproj", "{803C21D7-615C-47C0-9F3E-0B8FE4B797B9}"
EndProject
Project("{2150E333-8FDC-42A3-9474-1A3956D46DE8}") = "Task1", "Task1", "{A0FBE9E3-FDE9-464F-97E4-5C5A1221E5BA}"
EndProject
Project("{FAE04EC0-301F-11D3-BF4B-00C04F79EFBC}") = "Tyuiu.NovikovNS.Sprint2.Task1.V7", "Tyuiu.NovikovNS.Sprint2.Task1.V7\Tyuiu.NovikovNS.Sprint2.Task1.V7.csproj", "{0B342FAF-1E7D-4D2C-A4BD-612AE18B5567}"
EndProject
Project("{FAE04EC0-301F-11D3-BF4B-00C04F79EFBC}") = "Tyuiu.NovikovNS.Sprint2.Task1.V7.Lib", "Tyuiu.NovikovNS.Sprint2.Task1.V7.Lib\Tyuiu.NovikovNS.Sprint2.Task1.V7.Lib.csproj", "{870864B2-7CC8-4364-8F7A-0142609F6E7D}"
EndProject
Project("{FAE04EC0-301F-11D3-BF4B-00C04F79EFBC}") = "Tyuiu.NovikovNS.Sprint2.Task1.V7.Test", "Tyuiu.NovikovNS.Sprint2.Task1.V7.Test\Tyuiu.NovikovNS.Sprint2.Task1.V7.Test.csproj", "{F230658B-B569-4A27-9C53-3E3E23636EB9}"
EndProject
Project("{2150E333-8FDC-42A3-9474-1A3956D46DE8}") = "Task2", "Task2", "{03842E13-4713-463E-99FB-C5A8BAEF0862}"
EndProject
Project("{FAE04EC0-301F-11D3-BF4B-00C04F79EFBC}") = "Tyuiu.NovikovNS.Sprint2.Task2.V1", "Tyuiu.NovikovNS.Sprint2.Task2.V1\Tyuiu.NovikovNS.Sprint2.Task2.V1.csproj", "{F1575DAF-45F7-4A23-A56A-6CB72151C073}"
EndProject
Project("{FAE04EC0-301F-11D3-BF4B-00C04F79EFBC}") = "Tyuiu.NovikovNS.Sprint2.Task2.V1.Lib", "Tyuiu.NovikovNS.Sprint2.Task2.V1.Lib\Tyuiu.NovikovNS.Sprint2.Task2.V1.Lib.csproj", "{56A72358-7894-4BD8-A070-B3D734C4BBBF}"
EndProject
Project("{FAE04EC0-301F-11D3-BF4B-00C04F79EFBC}") = "Tyuiu.NovikovNS.Sprint2.Task2.V1.Test", "Tyuiu.NovikovNS.Sprint2.Task2.V1.Test\Tyuiu.NovikovNS.Sprint2.Task2.V1.Test.csproj", "{0AF820E7-2D9D-4C24-AEF5-6CDE9A0D2453}"
EndProject
Global
	GlobalSection(SolutionConfigurationPlatforms) = preSolution
		Debug|Any CPU = Debug|Any CPU
		Release|Any CPU = Release|Any CPU
	EndGlobalSection
	GlobalSection(ProjectConfigurationPlatforms) = postSolution
		{DF28D86A-2C27-493F-897F-9A3957FD7CE9}.Debug|Any CPU.ActiveCfg = Debug|Any CPU
		{DF28D86A-2C27-493F-897F-9A3957FD7CE9}.Debug|Any CPU.Build.0 = Debug|Any CPU
		{DF28D86A-2C27-493F-897F-9A3957FD7CE9}.Release|Any CPU.ActiveCfg = Release|Any CPU
		{DF28D86A-2C27-493F-897F-9A3957FD7CE9}.Release|Any CPU.Build.0 = Release|Any CPU
		{CE67CA79-0BF7-4FE0-ADE7-0D476C591BC1}.Debug|Any CPU.ActiveCfg = Debug|Any CPU
		{CE67CA79-0BF7-4FE0-ADE7-0D476C591BC1}.Debug|Any CPU.Build.0 = Debug|Any CPU
		{CE67CA79-0BF7-4FE0-ADE7-0D476C591BC1}.Release|Any CPU.ActiveCfg = Release|Any CPU
		{CE67CA79-0BF7-4FE0-ADE7-0D476C591BC1}.Release|Any CPU.Build.0 = Release|Any CPU
		{803C21D7-615C-47C0-9F3E-0B8FE4B797B9}.Debug|Any CPU.ActiveCfg = Debug|Any CPU
		{803C21D7-615C-47C0-9F3E-0B8FE4B797B9}.Debug|Any CPU.Build.0 = Debug|Any CPU
		{803C21D7-615C-47C0-9F3E-0B8FE4B797B9}.Release|Any CPU.ActiveCfg = Release|Any CPU
		{803C21D7-615C-47C0-9F3E-0B8FE4B797B9}.Release|Any CPU.Build.0 = Release|Any CPU
		{0B342FAF-1E7D-4D2C-A4BD-612AE18B5567}.Debug|Any CPU.ActiveCfg = Debug|Any CPU
		{0B342FAF-1E7D-4D2C-A4BD-612AE18B5567}.Debug|Any CPU.Build.0 = Debug|Any CPU
		{0B342FAF-1E7D-4D2C-A4BD-612AE18B5567}.Release|Any CPU.ActiveCfg = Release|Any CPU
		{0B342FAF-1E7D-4D2C-A4BD-612AE18B5567}.Release|Any CPU.Build.0 = Release|Any CPU
		{870864B2-7CC8-4364-8F7A-0142609F6E7D}.Debug|Any CPU.ActiveCfg = Debug|Any CPU
		{870864B2-7CC8-4364-8F7A-0142609F6E7D}.Debug|Any CPU.Build.0 = Debug|Any CPU
		{870864B2-7CC8-4364-8F7A-0142609F6E7D}.Release|Any CPU.ActiveCfg = Release|Any CPU
		{870864B2-7CC8-4364-8F7A-0142609F6E7D}.Release|Any CPU.Build.0 = Release|Any CPU
		{F230658B-B569-4A27-9C53-3E3E23636EB9}.Debug|Any CPU.ActiveCfg = Debug|Any CPU
		{F230658B-B569-4A27-9C53-3E3E23636EB9}.Debug|Any CPU.Build.0 = Debug|Any CPU
		{F230658B-B569-4A27-9C53-3E3E23636EB9}.Release|Any CPU.ActiveCfg = Release|Any CPU
		{F230658B-B569-4A27-9C53-3E3E23636EB9}.Release|Any CPU.Build.0 = Release|Any CPU
		{F1575DAF-45F7-4A23-A56A-6CB72151C073}.Debug|Any CPU.ActiveCfg = Debug|Any CPU
		{F1575DAF-45F7-4A23-A56A-6CB72151C073}.Debug|Any CPU.Build.0 = Debug|Any CPU
		{F1575DAF-45F7-4A23-A56A-6CB72151C073}.Release|Any CPU.ActiveCfg = Release|Any CPU
		{F1575DAF-45F7-4A23-A56A-6CB72151C073}.Release|Any CPU.Build.0 = Release|Any CPU
		{56A72358-7894-4BD8-A070-B3D734C4BBBF}.Debug|Any CPU.ActiveCfg = Debug|Any CPU
		{56A72358-7894-4BD8-A070-B3D734C4BBBF}.Debug|Any CPU.Build.0 = Debug|Any CPU
		{56A72358-7894-4BD8-A070-B3D734C4BBBF}.Release|Any CPU.ActiveCfg = Release|Any CPU
		{56A72358-7894-4BD8-A070-B3D734C4BBBF}.Release|Any CPU.Build.0 = Release|Any CPU
		{0AF820E7-2D9D-4C24-AEF5-6CDE9A0D2453}.Debug|Any CPU.ActiveCfg = Debug|Any CPU
		{0AF820E7-2D9D-4C24-AEF5-6CDE9A0D2453}.Debug|Any CPU.Build.0 = Debug|Any CPU
		{0AF820E7-2D9D-4C24-AEF5-6CDE9A0D2453}.Release|Any CPU.ActiveCfg = Release|Any CPU
		{0AF820E7-2D9D-4C24-AEF5-6CDE9A0D2453}.Release|Any CPU.Build.0 = Release|Any CPU
	EndGlobalSection
	GlobalSection(SolutionProperties) = preSolution
		HideSolutionNode = FALSE
	EndGlobalSection
	GlobalSection(NestedProjects) = preSolution
		{DF28D86A-2C27-493F-897F-9A3957FD7CE9} = {BD68D16E-70C6-4475-9516-4FFBCBEA86FA}
		{CE67CA79-0BF7-4FE0-ADE7-0D476C591BC1} = {BD68D16E-70C6-4475-9516-4FFBCBEA86FA}
		{803C21D7-615C-47C0-9F3E-0B8FE4B797B9} = {BD68D16E-70C6-4475-9516-4FFBCBEA86FA}
		{0B342FAF-1E7D-4D2C-A4BD-612AE18B5567} = {A0FBE9E3-FDE9-464F-97E4-5C5A1221E5BA}
		{870864B2-7CC8-4364-8F7A-0142609F6E7D} = {A0FBE9E3-FDE9-464F-97E4-5C5A1221E5BA}
		{F230658B-B569-4A27-9C53-3E3E23636EB9} = {A0FBE9E3-FDE9-464F-97E4-5C5A1221E5BA}
		{F1575DAF-45F7-4A23-A56A-6CB72151C073} = {03842E13-4713-463E-99FB-C5A8BAEF0862}
		{56A72358-7894-4BD8-A070-B3D734C4BBBF} = {03842E13-4713-463E-99FB-C5A8BAEF0862}
		{0AF820E7-2D9D-4C24-AEF5-6CDE9A0D2453} = {03842E13-4713-463E-99FB-C5A8BAEF0862}
	EndGlobalSection
	GlobalSection(ExtensibilityGlobals) = postSolution
		SolutionGuid = {C7A02181-A28F-4EEE-96D9-D194589D509D}
	EndGlobalSection
EndGlobal
